
Microsoft Visual Studio Solution File, Format Version 12.00
# Visual Studio Version 17
VisualStudioVersion = 17.4.33213.308
MinimumVisualStudioVersion = 10.0.40219.1
Project("{F184B08F-C81C-45F6-A57F-5ABD9991F28F}") = "BlinkLedArduino", "BlinkLedArduino\BlinkLedArduino.vbproj", "{14CC5228-DE44-4D29-8637-058792DC0D33}"
EndProject
Global
	GlobalSection(SolutionConfigurationPlatforms) = preSolution
		Debug|Any CPU = Debug|Any CPU
		Release|Any CPU = Release|Any CPU
	EndGlobalSection
	GlobalSection(ProjectConfigurationPlatforms) = postSolution
		{14CC5228-DE44-4D29-8637-058792DC0D33}.Debug|Any CPU.ActiveCfg = Debug|Any CPU
		{14CC5228-DE44-4D29-8637-058792DC0D33}.Debug|Any CPU.Build.0 = Debug|Any CPU
		{14CC5228-DE44-4D29-8637-058792DC0D33}.Release|Any CPU.ActiveCfg = Release|Any CPU
		{14CC5228-DE44-4D29-8637-058792DC0D33}.Release|Any CPU.Build.0 = Release|Any CPU
	EndGlobalSection
	GlobalSection(SolutionProperties) = preSolution
		HideSolutionNode = FALSE
	EndGlobalSection
	GlobalSection(ExtensibilityGlobals) = postSolution
		SolutionGuid = {808A16C8-A4A9-4735-922B-7658D47538E5}
	EndGlobalSection
EndGlobal
